
Microsoft Visual Studio Solution File, Format Version 12.00
# Visual Studio Version 16
VisualStudioVersion = 16.0.29326.143
MinimumVisualStudioVersion = 10.0.40219.1
Project("{FAE04EC0-301F-11D3-BF4B-00C04F79EFBC}") = "Loja.BLL", "Loja.BLL\Loja.BLL.csproj", "{61924F96-BBFC-4D17-B321-1D22ABFCAFED}"
EndProject
Project("{FAE04EC0-301F-11D3-BF4B-00C04F79EFBC}") = "Loja.DTO", "Loja.DTO\Loja.DTO.csproj", "{784F4FA3-F998-4128-925A-2586F051BE29}"
EndProject
Project("{FAE04EC0-301F-11D3-BF4B-00C04F79EFBC}") = "Loja.DAL", "Loja.DAL\Loja.DAL.csproj", "{A67CC046-4113-44C4-A54A-4A2DDD80328A}"
EndProject
Project("{FAE04EC0-301F-11D3-BF4B-00C04F79EFBC}") = "Loja.UI", "LojaWindowsForms\Loja.UI.csproj", "{EA851A13-EB15-4CCF-8393-339E9C2B6289}"
EndProject
Global
	GlobalSection(SolutionConfigurationPlatforms) = preSolution
		Debug|Any CPU = Debug|Any CPU
		Release|Any CPU = Release|Any CPU
	EndGlobalSection
	GlobalSection(ProjectConfigurationPlatforms) = postSolution
		{61924F96-BBFC-4D17-B321-1D22ABFCAFED}.Debug|Any CPU.ActiveCfg = Debug|Any CPU
		{61924F96-BBFC-4D17-B321-1D22ABFCAFED}.Debug|Any CPU.Build.0 = Debug|Any CPU
		{61924F96-BBFC-4D17-B321-1D22ABFCAFED}.Release|Any CPU.ActiveCfg = Release|Any CPU
		{61924F96-BBFC-4D17-B321-1D22ABFCAFED}.Release|Any CPU.Build.0 = Release|Any CPU
		{784F4FA3-F998-4128-925A-2586F051BE29}.Debug|Any CPU.ActiveCfg = Debug|Any CPU
		{784F4FA3-F998-4128-925A-2586F051BE29}.Debug|Any CPU.Build.0 = Debug|Any CPU
		{784F4FA3-F998-4128-925A-2586F051BE29}.Release|Any CPU.ActiveCfg = Release|Any CPU
		{784F4FA3-F998-4128-925A-2586F051BE29}.Release|Any CPU.Build.0 = Release|Any CPU
		{A67CC046-4113-44C4-A54A-4A2DDD80328A}.Debug|Any CPU.ActiveCfg = Debug|Any CPU
		{A67CC046-4113-44C4-A54A-4A2DDD80328A}.Debug|Any CPU.Build.0 = Debug|Any CPU
		{A67CC046-4113-44C4-A54A-4A2DDD80328A}.Release|Any CPU.ActiveCfg = Release|Any CPU
		{A67CC046-4113-44C4-A54A-4A2DDD80328A}.Release|Any CPU.Build.0 = Release|Any CPU
		{EA851A13-EB15-4CCF-8393-339E9C2B6289}.Debug|Any CPU.ActiveCfg = Debug|Any CPU
		{EA851A13-EB15-4CCF-8393-339E9C2B6289}.Debug|Any CPU.Build.0 = Debug|Any CPU
		{EA851A13-EB15-4CCF-8393-339E9C2B6289}.Release|Any CPU.ActiveCfg = Release|Any CPU
		{EA851A13-EB15-4CCF-8393-339E9C2B6289}.Release|Any CPU.Build.0 = Release|Any CPU
	EndGlobalSection
	GlobalSection(SolutionProperties) = preSolution
		HideSolutionNode = FALSE
	EndGlobalSection
	GlobalSection(ExtensibilityGlobals) = postSolution
		SolutionGuid = {DFDAE4DD-87D0-4F1D-B9C6-7D45E17977DB}
	EndGlobalSection
EndGlobal
